{
  "lockfileVersion": 1,
  "workspaces": {
    "": {
      "name": "sweety-danger-gemini-web-scripts",
      "dependencies": {
        "sweety-chrome-cdp": "file:./vendor/sweety-chrome-cdp",
      },
    },
  },
  "packages": {
    "sweety-chrome-cdp": ["sweety-chrome-cdp@file:vendor/sweety-chrome-cdp", {}],
  }
}
